{
	"name": "sql-styler",
	"version": "0.1.1",
	"lockfileVersion": 2,
	"requires": true,
	"packages": {
		"": {
			"name": "sql-styler",
			"version": "0.1.1",
			"dependencies": {
				"big-integer": "^1.6.48"
			},
			"devDependencies": {
				"@types/vscode": "^1.75.0"
			},
			"engines": {
				"vscode": "^1.75.0"
			}
		},
		"node_modules/@types/vscode": {
			"version": "1.84.0",
			"resolved": "https://registry.npmjs.org/@types/vscode/-/vscode-1.84.0.tgz",
			"integrity": "sha512-lCGOSrhT3cL+foUEqc8G1PVZxoDbiMmxgnUZZTEnHF4mC47eKAUtBGAuMLY6o6Ua8PAuNCoKXbqPmJd1JYnQfg==",
			"dev": true
		},
		"node_modules/big-integer": {
			"version": "1.6.51",
			"resolved": "https://registry.npmjs.org/big-integer/-/big-integer-1.6.51.tgz",
			"integrity": "sha512-GPEid2Y9QU1Exl1rpO9B2IPJGHPSupF5GnVIP0blYvNOMer2bTvSWs1jGOUg04hTmu67nmLsQ9TBo1puaotBHg==",
			"engines": {
				"node": ">=0.6"
			}
		}
	},
	"dependencies": {
		"@types/vscode": {
			"version": "1.84.0",
			"resolved": "https://registry.npmjs.org/@types/vscode/-/vscode-1.84.0.tgz",
			"integrity": "sha512-lCGOSrhT3cL+foUEqc8G1PVZxoDbiMmxgnUZZTEnHF4mC47eKAUtBGAuMLY6o6Ua8PAuNCoKXbqPmJd1JYnQfg==",
			"dev": true
		},
		"big-integer": {
			"version": "1.6.51",
			"resolved": "https://registry.npmjs.org/big-integer/-/big-integer-1.6.51.tgz",
			"integrity": "sha512-GPEid2Y9QU1Exl1rpO9B2IPJGHPSupF5GnVIP0blYvNOMer2bTvSWs1jGOUg04hTmu67nmLsQ9TBo1puaotBHg=="
		}
	}
}
